
Microsoft Visual Studio Solution File, Format Version 12.00
# Visual Studio Version 16
VisualStudioVersion = 16.0.30204.135
MinimumVisualStudioVersion = 10.0.40219.1
Project("{FAE04EC0-301F-11D3-BF4B-00C04F79EFBC}") = "SendEmailScheduleJob", "SendEmailScheduleJob.csproj", "{87F9597E-E551-4FF4-933D-7DE5D8A69111}"
EndProject
Global
	GlobalSection(SolutionConfigurationPlatforms) = preSolution
		Debug|Any CPU = Debug|Any CPU
		Release|Any CPU = Release|Any CPU
	EndGlobalSection
	GlobalSection(ProjectConfigurationPlatforms) = postSolution
		{87F9597E-E551-4FF4-933D-7DE5D8A69111}.Debug|Any CPU.ActiveCfg = Debug|Any CPU
		{87F9597E-E551-4FF4-933D-7DE5D8A69111}.Debug|Any CPU.Build.0 = Debug|Any CPU
		{87F9597E-E551-4FF4-933D-7DE5D8A69111}.Release|Any CPU.ActiveCfg = Release|Any CPU
		{87F9597E-E551-4FF4-933D-7DE5D8A69111}.Release|Any CPU.Build.0 = Release|Any CPU
	EndGlobalSection
	GlobalSection(SolutionProperties) = preSolution
		HideSolutionNode = FALSE
	EndGlobalSection
	GlobalSection(ExtensibilityGlobals) = postSolution
		SolutionGuid = {0B8391A1-E3F0-4BA1-A250-6EC1A8F59D5F}
	EndGlobalSection
EndGlobal
